
Microsoft Visual Studio Solution File, Format Version 12.00
Project("{FAE04EC0-301F-11D3-BF4B-00C04F79EFBC}") = "AppSettingsLearning", "AppSettingsLearning\AppSettingsLearning.csproj", "{47412C58-889A-4973-9FCC-FC79C04D10EB}"
EndProject
Global
	GlobalSection(SolutionConfigurationPlatforms) = preSolution
		Debug|Any CPU = Debug|Any CPU
		Release|Any CPU = Release|Any CPU
	EndGlobalSection
	GlobalSection(ProjectConfigurationPlatforms) = postSolution
		{47412C58-889A-4973-9FCC-FC79C04D10EB}.Debug|Any CPU.ActiveCfg = Debug|Any CPU
		{47412C58-889A-4973-9FCC-FC79C04D10EB}.Debug|Any CPU.Build.0 = Debug|Any CPU
		{47412C58-889A-4973-9FCC-FC79C04D10EB}.Release|Any CPU.ActiveCfg = Release|Any CPU
		{47412C58-889A-4973-9FCC-FC79C04D10EB}.Release|Any CPU.Build.0 = Release|Any CPU
	EndGlobalSection
EndGlobal
